
Microsoft Visual Studio Solution File, Format Version 12.00
# Visual Studio Version 16
VisualStudioVersion = 16.0.29613.14
MinimumVisualStudioVersion = 10.0.40219.1
Project("{FAE04EC0-301F-11D3-BF4B-00C04F79EFBC}") = "MeetupAPI", "MeetupAPI.csproj", "{6024D3D6-5F8A-4C27-806D-7AF0E4B170E6}"
EndProject
Global
	GlobalSection(SolutionConfigurationPlatforms) = preSolution
		Debug|Any CPU = Debug|Any CPU
		Release|Any CPU = Release|Any CPU
	EndGlobalSection
	GlobalSection(ProjectConfigurationPlatforms) = postSolution
		{6024D3D6-5F8A-4C27-806D-7AF0E4B170E6}.Debug|Any CPU.ActiveCfg = Debug|Any CPU
		{6024D3D6-5F8A-4C27-806D-7AF0E4B170E6}.Debug|Any CPU.Build.0 = Debug|Any CPU
		{6024D3D6-5F8A-4C27-806D-7AF0E4B170E6}.Release|Any CPU.ActiveCfg = Release|Any CPU
		{6024D3D6-5F8A-4C27-806D-7AF0E4B170E6}.Release|Any CPU.Build.0 = Release|Any CPU
	EndGlobalSection
	GlobalSection(SolutionProperties) = preSolution
		HideSolutionNode = FALSE
	EndGlobalSection
	GlobalSection(ExtensibilityGlobals) = postSolution
		SolutionGuid = {5C6D2A7F-890C-4D60-A374-53EC35931B1C}
	EndGlobalSection
EndGlobal
